
Microsoft Visual Studio Solution File, Format Version 12.00
# Visual Studio Version 17
VisualStudioVersion = 17.1.32407.343
MinimumVisualStudioVersion = 10.0.40219.1
Project("{FAE04EC0-301F-11D3-BF4B-00C04F79EFBC}") = "XML3", "XML3\XML3.csproj", "{ADE7E0D4-FA62-4A2C-A171-2A99238D443B}"
EndProject
Global
	GlobalSection(SolutionConfigurationPlatforms) = preSolution
		Debug|Any CPU = Debug|Any CPU
		Release|Any CPU = Release|Any CPU
	EndGlobalSection
	GlobalSection(ProjectConfigurationPlatforms) = postSolution
		{ADE7E0D4-FA62-4A2C-A171-2A99238D443B}.Debug|Any CPU.ActiveCfg = Debug|Any CPU
		{ADE7E0D4-FA62-4A2C-A171-2A99238D443B}.Debug|Any CPU.Build.0 = Debug|Any CPU
		{ADE7E0D4-FA62-4A2C-A171-2A99238D443B}.Release|Any CPU.ActiveCfg = Release|Any CPU
		{ADE7E0D4-FA62-4A2C-A171-2A99238D443B}.Release|Any CPU.Build.0 = Release|Any CPU
	EndGlobalSection
	GlobalSection(SolutionProperties) = preSolution
		HideSolutionNode = FALSE
	EndGlobalSection
	GlobalSection(ExtensibilityGlobals) = postSolution
		SolutionGuid = {332C034A-64E9-441F-B4C3-CD889526B860}
	EndGlobalSection
EndGlobal
